
Microsoft Visual Studio Solution File, Format Version 12.00
# Visual Studio 14
VisualStudioVersion = 14.0.25420.1
MinimumVisualStudioVersion = 10.0.40219.1
Project("{33AD0EE8-D99B-4E14-8CD9-3F56ABEF97A2}") = "BB.ScalingAzureFunctions.Functions", "BB.ScalingAzureFunctions.Functions\BB.ScalingAzureFunctions.Functions.funproj", "{58565A82-E06A-45EC-A475-DC0AD7B04D07}"
EndProject
Project("{FAE04EC0-301F-11D3-BF4B-00C04F79EFBC}") = "BB.ScalingAzureFunctions.Api", "BB.ScalingAzureFunctions.Api\BB.ScalingAzureFunctions.Api.csproj", "{4F499335-469B-4BBE-A699-5085CE21F74E}"
EndProject
Project("{FAE04EC0-301F-11D3-BF4B-00C04F79EFBC}") = "BB.ScalingAzureFunctions.TestHarness", "BB.ScalingAzureFunctions.TestHarness\BB.ScalingAzureFunctions.TestHarness.csproj", "{C5A2FBA4-D1D1-43B5-8432-E3F9F9E25674}"
EndProject
Project("{2150E333-8FDC-42A3-9474-1A3956D46DE8}") = "Solution Items", "Solution Items", "{B170A77F-2C03-4A95-8BFD-DAF6926CD79F}"
	ProjectSection(SolutionItems) = preProject
		.gitignore = .gitignore
	EndProjectSection
EndProject
Global
	GlobalSection(SolutionConfigurationPlatforms) = preSolution
		Debug|Any CPU = Debug|Any CPU
		Release|Any CPU = Release|Any CPU
	EndGlobalSection
	GlobalSection(ProjectConfigurationPlatforms) = postSolution
		{58565A82-E06A-45EC-A475-DC0AD7B04D07}.Debug|Any CPU.ActiveCfg = Debug|Any CPU
		{58565A82-E06A-45EC-A475-DC0AD7B04D07}.Debug|Any CPU.Build.0 = Debug|Any CPU
		{58565A82-E06A-45EC-A475-DC0AD7B04D07}.Release|Any CPU.ActiveCfg = Release|Any CPU
		{58565A82-E06A-45EC-A475-DC0AD7B04D07}.Release|Any CPU.Build.0 = Release|Any CPU
		{4F499335-469B-4BBE-A699-5085CE21F74E}.Debug|Any CPU.ActiveCfg = Debug|Any CPU
		{4F499335-469B-4BBE-A699-5085CE21F74E}.Debug|Any CPU.Build.0 = Debug|Any CPU
		{4F499335-469B-4BBE-A699-5085CE21F74E}.Release|Any CPU.ActiveCfg = Release|Any CPU
		{4F499335-469B-4BBE-A699-5085CE21F74E}.Release|Any CPU.Build.0 = Release|Any CPU
		{C5A2FBA4-D1D1-43B5-8432-E3F9F9E25674}.Debug|Any CPU.ActiveCfg = Debug|Any CPU
		{C5A2FBA4-D1D1-43B5-8432-E3F9F9E25674}.Debug|Any CPU.Build.0 = Debug|Any CPU
		{C5A2FBA4-D1D1-43B5-8432-E3F9F9E25674}.Release|Any CPU.ActiveCfg = Release|Any CPU
		{C5A2FBA4-D1D1-43B5-8432-E3F9F9E25674}.Release|Any CPU.Build.0 = Release|Any CPU
	EndGlobalSection
	GlobalSection(SolutionProperties) = preSolution
		HideSolutionNode = FALSE
	EndGlobalSection
EndGlobal
